
Microsoft Visual Studio Solution File, Format Version 12.00
# Visual Studio Version 17
VisualStudioVersion = 17.13.35931.197
MinimumVisualStudioVersion = 10.0.40219.1
Project("{FAE04EC0-301F-11D3-BF4B-00C04F79EFBC}") = "Stocks", "Stocks\Stocks.csproj", "{B0E85CD1-79D6-4931-BE5E-3F5F916231E5}"
EndProject
Project("{2150E333-8FDC-42A3-9474-1A3956D46DE8}") = "Solution Items", "Solution Items", "{02EA681E-C7D8-13C7-8484-4AC65E1B71E8}"
	ProjectSection(SolutionItems) = preProject
		.editorconfig = .editorconfig
	EndProjectSection
EndProject
Global
	GlobalSection(SolutionConfigurationPlatforms) = preSolution
		Debug|Any CPU = Debug|Any CPU
		Release|Any CPU = Release|Any CPU
	EndGlobalSection
	GlobalSection(ProjectConfigurationPlatforms) = postSolution
		{B0E85CD1-79D6-4931-BE5E-3F5F916231E5}.Debug|Any CPU.ActiveCfg = Debug|Any CPU
		{B0E85CD1-79D6-4931-BE5E-3F5F916231E5}.Debug|Any CPU.Build.0 = Debug|Any CPU
		{B0E85CD1-79D6-4931-BE5E-3F5F916231E5}.Release|Any CPU.ActiveCfg = Release|Any CPU
		{B0E85CD1-79D6-4931-BE5E-3F5F916231E5}.Release|Any CPU.Build.0 = Release|Any CPU
	EndGlobalSection
	GlobalSection(SolutionProperties) = preSolution
		HideSolutionNode = FALSE
	EndGlobalSection
	GlobalSection(ExtensibilityGlobals) = postSolution
		SolutionGuid = {85FF163F-FFBF-4A34-99CA-350F12568A46}
	EndGlobalSection
EndGlobal
